
Microsoft Visual Studio Solution File, Format Version 12.00
# Visual Studio 15
VisualStudioVersion = 15.0.26228.4
MinimumVisualStudioVersion = 10.0.40219.1
Project("{2150E333-8FDC-42A3-9474-1A3956D46DE8}") = "src", "src", "{1FC5DD2B-3D15-49AE-9432-C80CB6244369}"
EndProject
Project("{2150E333-8FDC-42A3-9474-1A3956D46DE8}") = "Solution Items", "Solution Items", "{C056E4D0-ACB2-46D4-919C-4A77799A07FE}"
	ProjectSection(SolutionItems) = preProject
		BuildAll.ps1 = BuildAll.ps1
		CONTRIBUTING.md = CONTRIBUTING.md
		README.md = README.md
	EndProjectSection
EndProject
Project("{9A19103F-16F7-4668-BE54-9A1E7A4F7556}") = "getnet.web", "src\getnet.web\getnet.web.csproj", "{612DA792-54C3-4FE1-A20A-A312746DEFD6}"
EndProject
Project("{9A19103F-16F7-4668-BE54-9A1E7A4F7556}") = "getnet.core", "src\getnet.core\getnet.core.csproj", "{35331E6F-6C5E-46F3-93C9-688DB2BFC7FB}"
EndProject
Project("{9A19103F-16F7-4668-BE54-9A1E7A4F7556}") = "getnet.tests", "src\getnet.tests\getnet.tests.csproj", "{E5AC5A36-D477-41DA-B4D2-AC1E88708E51}"
EndProject
Project("{9A19103F-16F7-4668-BE54-9A1E7A4F7556}") = "getnet.service", "src\getnet.service\getnet.service.csproj", "{EF997B7F-6C68-439D-AFBF-8FDC51896C90}"
EndProject
Global
	GlobalSection(SolutionConfigurationPlatforms) = preSolution
		Debug|Any CPU = Debug|Any CPU
		Release|Any CPU = Release|Any CPU
	EndGlobalSection
	GlobalSection(ProjectConfigurationPlatforms) = postSolution
		{612DA792-54C3-4FE1-A20A-A312746DEFD6}.Debug|Any CPU.ActiveCfg = Debug|Any CPU
		{612DA792-54C3-4FE1-A20A-A312746DEFD6}.Debug|Any CPU.Build.0 = Debug|Any CPU
		{612DA792-54C3-4FE1-A20A-A312746DEFD6}.Release|Any CPU.ActiveCfg = Release|Any CPU
		{612DA792-54C3-4FE1-A20A-A312746DEFD6}.Release|Any CPU.Build.0 = Release|Any CPU
		{35331E6F-6C5E-46F3-93C9-688DB2BFC7FB}.Debug|Any CPU.ActiveCfg = Debug|Any CPU
		{35331E6F-6C5E-46F3-93C9-688DB2BFC7FB}.Debug|Any CPU.Build.0 = Debug|Any CPU
		{35331E6F-6C5E-46F3-93C9-688DB2BFC7FB}.Release|Any CPU.ActiveCfg = Release|Any CPU
		{35331E6F-6C5E-46F3-93C9-688DB2BFC7FB}.Release|Any CPU.Build.0 = Release|Any CPU
		{E5AC5A36-D477-41DA-B4D2-AC1E88708E51}.Debug|Any CPU.ActiveCfg = Debug|Any CPU
		{E5AC5A36-D477-41DA-B4D2-AC1E88708E51}.Debug|Any CPU.Build.0 = Debug|Any CPU
		{E5AC5A36-D477-41DA-B4D2-AC1E88708E51}.Release|Any CPU.ActiveCfg = Release|Any CPU
		{E5AC5A36-D477-41DA-B4D2-AC1E88708E51}.Release|Any CPU.Build.0 = Release|Any CPU
		{EF997B7F-6C68-439D-AFBF-8FDC51896C90}.Debug|Any CPU.ActiveCfg = Debug|Any CPU
		{EF997B7F-6C68-439D-AFBF-8FDC51896C90}.Debug|Any CPU.Build.0 = Debug|Any CPU
		{EF997B7F-6C68-439D-AFBF-8FDC51896C90}.Release|Any CPU.ActiveCfg = Release|Any CPU
		{EF997B7F-6C68-439D-AFBF-8FDC51896C90}.Release|Any CPU.Build.0 = Release|Any CPU
	EndGlobalSection
	GlobalSection(SolutionProperties) = preSolution
		HideSolutionNode = FALSE
	EndGlobalSection
	GlobalSection(NestedProjects) = preSolution
		{612DA792-54C3-4FE1-A20A-A312746DEFD6} = {1FC5DD2B-3D15-49AE-9432-C80CB6244369}
		{35331E6F-6C5E-46F3-93C9-688DB2BFC7FB} = {1FC5DD2B-3D15-49AE-9432-C80CB6244369}
		{E5AC5A36-D477-41DA-B4D2-AC1E88708E51} = {1FC5DD2B-3D15-49AE-9432-C80CB6244369}
		{EF997B7F-6C68-439D-AFBF-8FDC51896C90} = {1FC5DD2B-3D15-49AE-9432-C80CB6244369}
	EndGlobalSection
	GlobalSection(Performance) = preSolution
		HasPerformanceSessions = true
	EndGlobalSection
EndGlobal
